
Microsoft Visual Studio Solution File, Format Version 12.00
# Visual Studio Version 17
VisualStudioVersion = 17.0.31903.59
MinimumVisualStudioVersion = 10.0.40219.1
Project("{FAE04EC0-301F-11D3-BF4B-00C04F79EFBC}") = "Loggd.API", "Loggd.API\Loggd.API.csproj", "{0718F5BF-B116-472C-85C7-18C4DCA82698}"
EndProject
Project("{FAE04EC0-301F-11D3-BF4B-00C04F79EFBC}") = "Loggd.Domain", "Loggd.Domain\Loggd.Domain.csproj", "{47B6CA4F-7BE3-4F5E-8F65-C971B1BF393C}"
EndProject
Project("{FAE04EC0-301F-11D3-BF4B-00C04F79EFBC}") = "Loggd.Application", "Loggd.Application\Loggd.Application.csproj", "{02788906-ABF8-4C92-AE61-53F5D6B2CF71}"
EndProject
Project("{FAE04EC0-301F-11D3-BF4B-00C04F79EFBC}") = "Loggd.Infrastructure", "Loggd.Infrastructure\Loggd.Infrastructure.csproj", "{F4966C2E-6961-4508-9FEC-F441412830C3}"
EndProject
Global
	GlobalSection(SolutionConfigurationPlatforms) = preSolution
		Debug|Any CPU = Debug|Any CPU
		Debug|x64 = Debug|x64
		Debug|x86 = Debug|x86
		Release|Any CPU = Release|Any CPU
		Release|x64 = Release|x64
		Release|x86 = Release|x86
	EndGlobalSection
	GlobalSection(ProjectConfigurationPlatforms) = postSolution
		{0718F5BF-B116-472C-85C7-18C4DCA82698}.Debug|Any CPU.ActiveCfg = Debug|Any CPU
		{0718F5BF-B116-472C-85C7-18C4DCA82698}.Debug|Any CPU.Build.0 = Debug|Any CPU
		{0718F5BF-B116-472C-85C7-18C4DCA82698}.Debug|x64.ActiveCfg = Debug|Any CPU
		{0718F5BF-B116-472C-85C7-18C4DCA82698}.Debug|x64.Build.0 = Debug|Any CPU
		{0718F5BF-B116-472C-85C7-18C4DCA82698}.Debug|x86.ActiveCfg = Debug|Any CPU
		{0718F5BF-B116-472C-85C7-18C4DCA82698}.Debug|x86.Build.0 = Debug|Any CPU
		{0718F5BF-B116-472C-85C7-18C4DCA82698}.Release|Any CPU.ActiveCfg = Release|Any CPU
		{0718F5BF-B116-472C-85C7-18C4DCA82698}.Release|Any CPU.Build.0 = Release|Any CPU
		{0718F5BF-B116-472C-85C7-18C4DCA82698}.Release|x64.ActiveCfg = Release|Any CPU
		{0718F5BF-B116-472C-85C7-18C4DCA82698}.Release|x64.Build.0 = Release|Any CPU
		{0718F5BF-B116-472C-85C7-18C4DCA82698}.Release|x86.ActiveCfg = Release|Any CPU
		{0718F5BF-B116-472C-85C7-18C4DCA82698}.Release|x86.Build.0 = Release|Any CPU
		{47B6CA4F-7BE3-4F5E-8F65-C971B1BF393C}.Debug|Any CPU.ActiveCfg = Debug|Any CPU
		{47B6CA4F-7BE3-4F5E-8F65-C971B1BF393C}.Debug|Any CPU.Build.0 = Debug|Any CPU
		{47B6CA4F-7BE3-4F5E-8F65-C971B1BF393C}.Debug|x64.ActiveCfg = Debug|Any CPU
		{47B6CA4F-7BE3-4F5E-8F65-C971B1BF393C}.Debug|x64.Build.0 = Debug|Any CPU
		{47B6CA4F-7BE3-4F5E-8F65-C971B1BF393C}.Debug|x86.ActiveCfg = Debug|Any CPU
		{47B6CA4F-7BE3-4F5E-8F65-C971B1BF393C}.Debug|x86.Build.0 = Debug|Any CPU
		{47B6CA4F-7BE3-4F5E-8F65-C971B1BF393C}.Release|Any CPU.ActiveCfg = Release|Any CPU
		{47B6CA4F-7BE3-4F5E-8F65-C971B1BF393C}.Release|Any CPU.Build.0 = Release|Any CPU
		{47B6CA4F-7BE3-4F5E-8F65-C971B1BF393C}.Release|x64.ActiveCfg = Release|Any CPU
		{47B6CA4F-7BE3-4F5E-8F65-C971B1BF393C}.Release|x64.Build.0 = Release|Any CPU
		{47B6CA4F-7BE3-4F5E-8F65-C971B1BF393C}.Release|x86.ActiveCfg = Release|Any CPU
		{47B6CA4F-7BE3-4F5E-8F65-C971B1BF393C}.Release|x86.Build.0 = Release|Any CPU
		{02788906-ABF8-4C92-AE61-53F5D6B2CF71}.Debug|Any CPU.ActiveCfg = Debug|Any CPU
		{02788906-ABF8-4C92-AE61-53F5D6B2CF71}.Debug|Any CPU.Build.0 = Debug|Any CPU
		{02788906-ABF8-4C92-AE61-53F5D6B2CF71}.Debug|x64.ActiveCfg = Debug|Any CPU
		{02788906-ABF8-4C92-AE61-53F5D6B2CF71}.Debug|x64.Build.0 = Debug|Any CPU
		{02788906-ABF8-4C92-AE61-53F5D6B2CF71}.Debug|x86.ActiveCfg = Debug|Any CPU
		{02788906-ABF8-4C92-AE61-53F5D6B2CF71}.Debug|x86.Build.0 = Debug|Any CPU
		{02788906-ABF8-4C92-AE61-53F5D6B2CF71}.Release|Any CPU.ActiveCfg = Release|Any CPU
		{02788906-ABF8-4C92-AE61-53F5D6B2CF71}.Release|Any CPU.Build.0 = Release|Any CPU
		{02788906-ABF8-4C92-AE61-53F5D6B2CF71}.Release|x64.ActiveCfg = Release|Any CPU
		{02788906-ABF8-4C92-AE61-53F5D6B2CF71}.Release|x64.Build.0 = Release|Any CPU
		{02788906-ABF8-4C92-AE61-53F5D6B2CF71}.Release|x86.ActiveCfg = Release|Any CPU
		{02788906-ABF8-4C92-AE61-53F5D6B2CF71}.Release|x86.Build.0 = Release|Any CPU
		{F4966C2E-6961-4508-9FEC-F441412830C3}.Debug|Any CPU.ActiveCfg = Debug|Any CPU
		{F4966C2E-6961-4508-9FEC-F441412830C3}.Debug|Any CPU.Build.0 = Debug|Any CPU
		{F4966C2E-6961-4508-9FEC-F441412830C3}.Debug|x64.ActiveCfg = Debug|Any CPU
		{F4966C2E-6961-4508-9FEC-F441412830C3}.Debug|x64.Build.0 = Debug|Any CPU
		{F4966C2E-6961-4508-9FEC-F441412830C3}.Debug|x86.ActiveCfg = Debug|Any CPU
		{F4966C2E-6961-4508-9FEC-F441412830C3}.Debug|x86.Build.0 = Debug|Any CPU
		{F4966C2E-6961-4508-9FEC-F441412830C3}.Release|Any CPU.ActiveCfg = Release|Any CPU
		{F4966C2E-6961-4508-9FEC-F441412830C3}.Release|Any CPU.Build.0 = Release|Any CPU
		{F4966C2E-6961-4508-9FEC-F441412830C3}.Release|x64.ActiveCfg = Release|Any CPU
		{F4966C2E-6961-4508-9FEC-F441412830C3}.Release|x64.Build.0 = Release|Any CPU
		{F4966C2E-6961-4508-9FEC-F441412830C3}.Release|x86.ActiveCfg = Release|Any CPU
		{F4966C2E-6961-4508-9FEC-F441412830C3}.Release|x86.Build.0 = Release|Any CPU
	EndGlobalSection
	GlobalSection(SolutionProperties) = preSolution
		HideSolutionNode = FALSE
	EndGlobalSection
EndGlobal
